// !$*UTF8*$!
{
	archiveVersion = 1;
	classes = {
	};
	objectVersion = 56;
	objects = {

/* Begin PBXBuildFile section */
		D32A9E3429C87752003F8E3D /* ChooserFactory.cpp in Sources */ = {isa = PBXBuildFile; fileRef = D32A9E3029C87752003F8E3D /* ChooserFactory.cpp */; };
		D32A9E3529C87752003F8E3D /* ChooserRandom.cpp in Sources */ = {isa = PBXBuildFile; fileRef = D32A9E3129C87752003F8E3D /* ChooserRandom.cpp */; };
		D32A9E3929C90B66003F8E3D /* ChooserSmart.cpp in Sources */ = {isa = PBXBuildFile; fileRef = D32A9E3729C90B66003F8E3D /* ChooserSmart.cpp */; };
		D333967029C02CAC00582881 /* main.cpp in Sources */ = {isa = PBXBuildFile; fileRef = D333966F29C02CAC00582881 /* main.cpp */; };
/* End PBXBuildFile section */

/* Begin PBXCopyFilesBuildPhase section */
		D333966A29C02CAC00582881 /* CopyFiles */ = {
			isa = PBXCopyFilesBuildPhase;
			buildActionMask = 2147483647;
			dstPath = /usr/share/man/man1/;
			dstSubfolderSpec = 0;
			files = (
			);
			runOnlyForDeploymentPostprocessing = 1;
		};
/* End PBXCopyFilesBuildPhase section */

/* Begin PBXFileReference section */
		D32A9E2F29C87734003F8E3D /* ChooserFactory.hpp */ = {isa = PBXFileReference; fileEncoding = 4; lastKnownFileType = sourcecode.cpp.h; path = ChooserFactory.hpp; sourceTree = "<group>"; };
		D32A9E3029C87752003F8E3D /* ChooserFactory.cpp */ = {isa = PBXFileReference; fileEncoding = 4; lastKnownFileType = sourcecode.cpp.cpp; path = ChooserFactory.cpp; sourceTree = "<group>"; };
		D32A9E3129C87752003F8E3D /* ChooserRandom.cpp */ = {isa = PBXFileReference; fileEncoding = 4; lastKnownFileType = sourcecode.cpp.cpp; path = ChooserRandom.cpp; sourceTree = "<group>"; };
		D32A9E3229C87752003F8E3D /* Chooser.h */ = {isa = PBXFileReference; fileEncoding = 4; lastKnownFileType = sourcecode.c.h; path = Chooser.h; sourceTree = "<group>"; };
		D32A9E3329C87752003F8E3D /* ChooserRandom.hpp */ = {isa = PBXFileReference; fileEncoding = 4; lastKnownFileType = sourcecode.cpp.h; path = ChooserRandom.hpp; sourceTree = "<group>"; };
		D32A9E3729C90B66003F8E3D /* ChooserSmart.cpp */ = {isa = PBXFileReference; lastKnownFileType = sourcecode.cpp.cpp; path = ChooserSmart.cpp; sourceTree = "<group>"; };
		D32A9E3829C90B66003F8E3D /* ChooserSmart.hpp */ = {isa = PBXFileReference; lastKnownFileType = sourcecode.cpp.h; path = ChooserSmart.hpp; sourceTree = "<group>"; };
		D333966C29C02CAC00582881 /* cmpe135Assignment3 */ = {isa = PBXFileReference; explicitFileType = "compiled.mach-o.executable"; includeInIndex = 0; path = cmpe135Assignment3; sourceTree = BUILT_PRODUCTS_DIR; };
		D333966F29C02CAC00582881 /* main.cpp */ = {isa = PBXFileReference; lastKnownFileType = sourcecode.cpp.cpp; path = main.cpp; sourceTree = "<group>"; };
/* End PBXFileReference section */

/* Begin PBXFrameworksBuildPhase section */
		D333966929C02CAC00582881 /* Frameworks */ = {
			isa = PBXFrameworksBuildPhase;
			buildActionMask = 2147483647;
			files = (
			);
			runOnlyForDeploymentPostprocessing = 0;
		};
/* End PBXFrameworksBuildPhase section */

/* Begin PBXGroup section */
		D333966329C02CAC00582881 = {
			isa = PBXGroup;
			children = (
				D333966E29C02CAC00582881 /* cmpe135Assignment3 */,
				D333966D29C02CAC00582881 /* Products */,
			);
			sourceTree = "<group>";
		};
		D333966D29C02CAC00582881 /* Products */ = {
			isa = PBXGroup;
			children = (
				D333966C29C02CAC00582881 /* cmpe135Assignment3 */,
			);
			name = Products;
			sourceTree = "<group>";
		};
		D333966E29C02CAC00582881 /* cmpe135Assignment3 */ = {
			isa = PBXGroup;
			children = (
				D32A9E3229C87752003F8E3D /* Chooser.h */,
				D32A9E3829C90B66003F8E3D /* ChooserSmart.hpp */,
				D32A9E3729C90B66003F8E3D /* ChooserSmart.cpp */,
				D32A9E3029C87752003F8E3D /* ChooserFactory.cpp */,
				D32A9E3129C87752003F8E3D /* ChooserRandom.cpp */,
				D32A9E3329C87752003F8E3D /* ChooserRandom.hpp */,
				D32A9E2F29C87734003F8E3D /* ChooserFactory.hpp */,
				D333966F29C02CAC00582881 /* main.cpp */,
			);
			path = cmpe135Assignment3;
			sourceTree = "<group>";
		};
/* End PBXGroup section */

/* Begin PBXNativeTarget section */
		D333966B29C02CAC00582881 /* cmpe135Assignment3 */ = {
			isa = PBXNativeTarget;
			buildConfigurationList = D333967329C02CAC00582881 /* Build configuration list for PBXNativeTarget "cmpe135Assignment3" */;
			buildPhases = (
				D333966829C02CAC00582881 /* Sources */,
				D333966929C02CAC00582881 /* Frameworks */,
				D333966A29C02CAC00582881 /* CopyFiles */,
			);
			buildRules = (
			);
			dependencies = (
			);
			name = cmpe135Assignment3;
			productName = cmpe135Assignment3;
			productReference = D333966C29C02CAC00582881 /* cmpe135Assignment3 */;
			productType = "com.apple.product-type.tool";
		};
/* End PBXNativeTarget section */

/* Begin PBXProject section */
		D333966429C02CAC00582881 /* Project object */ = {
			isa = PBXProject;
			attributes = {
				BuildIndependentTargetsInParallel = 1;
				LastUpgradeCheck = 1420;
				TargetAttributes = {
					D333966B29C02CAC00582881 = {
						CreatedOnToolsVersion = 14.2;
					};
				};
			};
			buildConfigurationList = D333966729C02CAC00582881 /* Build configuration list for PBXProject "cmpe135Assignment3" */;
			compatibilityVersion = "Xcode 14.0";
			developmentRegion = en;
			hasScannedForEncodings = 0;
			knownRegions = (
				en,
				Base,
			);
			mainGroup = D333966329C02CAC00582881;
			productRefGroup = D333966D29C02CAC00582881 /* Products */;
			projectDirPath = "";
			projectRoot = "";
			targets = (
				D333966B29C02CAC00582881 /* cmpe135Assignment3 */,
			);
		};
/* End PBXProject section */

/* Begin PBXSourcesBuildPhase section */
		D333966829C02CAC00582881 /* Sources */ = {
			isa = PBXSourcesBuildPhase;
			buildActionMask = 2147483647;
			files = (
				D32A9E3529C87752003F8E3D /* ChooserRandom.cpp in Sources */,
				D333967029C02CAC00582881 /* main.cpp in Sources */,
				D32A9E3429C87752003F8E3D /* ChooserFactory.cpp in Sources */,
				D32A9E3929C90B66003F8E3D /* ChooserSmart.cpp in Sources */,
			);
			runOnlyForDeploymentPostprocessing = 0;
		};
/* End PBXSourcesBuildPhase section */

/* Begin XCBuildConfiguration section */
		D333967129C02CAC00582881 /* Debug */ = {
			isa = XCBuildConfiguration;
			buildSettings = {
				ALWAYS_SEARCH_USER_PATHS = NO;
				CLANG_ANALYZER_NONNULL = YES;
				CLANG_ANALYZER_NUMBER_OBJECT_CONVERSION = YES_AGGRESSIVE;
				CLANG_CXX_LANGUAGE_STANDARD = "gnu++20";
				CLANG_ENABLE_MODULES = YES;
				CLANG_ENABLE_OBJC_ARC = YES;
				CLANG_ENABLE_OBJC_WEAK = YES;
				CLANG_WARN_BLOCK_CAPTURE_AUTORELEASING = YES;
				CLANG_WARN_BOOL_CONVERSION = YES;
				CLANG_WARN_COMMA = YES;
				CLANG_WARN_CONSTANT_CONVERSION = YES;
				CLANG_WARN_DEPRECATED_OBJC_IMPLEMENTATIONS = YES;
				CLANG_WARN_DIRECT_OBJC_ISA_USAGE = YES_ERROR;
				CLANG_WARN_DOCUMENTATION_COMMENTS = YES;
				CLANG_WARN_EMPTY_BODY = YES;
				CLANG_WARN_ENUM_CONVERSION = YES;
				CLANG_WARN_INFINITE_RECURSION = YES;
				CLANG_WARN_INT_CONVERSION = YES;
				CLANG_WARN_NON_LITERAL_NULL_CONVERSION = YES;
				CLANG_WARN_OBJC_IMPLICIT_RETAIN_SELF = YES;
				CLANG_WARN_OBJC_LITERAL_CONVERSION = YES;
				CLANG_WARN_OBJC_ROOT_CLASS = YES_ERROR;
				CLANG_WARN_QUOTED_INCLUDE_IN_FRAMEWORK_HEADER = YES;
				CLANG_WARN_RANGE_LOOP_ANALYSIS = YES;
				CLANG_WARN_STRICT_PROTOTYPES = YES;
				CLANG_WARN_SUSPICIOUS_MOVE = YES;
				CLANG_WARN_UNGUARDED_AVAILABILITY = YES_AGGRESSIVE;
				CLANG_WARN_UNREACHABLE_CODE = YES;
				CLANG_WARN__DUPLICATE_METHOD_MATCH = YES;
				COPY_PHASE_STRIP = NO;
				DEBUG_INFORMATION_FORMAT = dwarf;
				ENABLE_STRICT_OBJC_MSGSEND = YES;
				ENABLE_TESTABILITY = YES;
				GCC_C_LANGUAGE_STANDARD = gnu11;
				GCC_DYNAMIC_NO_PIC = NO;
				GCC_NO_COMMON_BLOCKS = YES;
				GCC_OPTIMIZATION_LEVEL = 0;
				GCC_PREPROCESSOR_DEFINITIONS = (
					"DEBUG=1",
					"$(inherited)",
				);
				GCC_WARN_64_TO_32_BIT_CONVERSION = YES;
				GCC_WARN_ABOUT_RETURN_TYPE = YES_ERROR;
				GCC_WARN_UNDECLARED_SELECTOR = YES;
				GCC_WARN_UNINITIALIZED_AUTOS = YES_AGGRESSIVE;
				GCC_WARN_UNUSED_FUNCTION = YES;
				GCC_WARN_UNUSED_VARIABLE = YES;
				MACOSX_DEPLOYMENT_TARGET = 13.0;
				MTL_ENABLE_DEBUG_INFO = INCLUDE_SOURCE;
				MTL_FAST_MATH = YES;
				ONLY_ACTIVE_ARCH = YES;
				SDKROOT = macosx;
			};
			name = Debug;
		};
		D333967229C02CAC00582881 /* Release */ = {
			isa = XCBuildConfiguration;
			buildSettings = {
				ALWAYS_SEARCH_USER_PATHS = NO;
				CLANG_ANALYZER_NONNULL = YES;
				CLANG_ANALYZER_NUMBER_OBJECT_CONVERSION = YES_AGGRESSIVE;
				CLANG_CXX_LANGUAGE_STANDARD = "gnu++20";
				CLANG_ENABLE_MODULES = YES;
				CLANG_ENABLE_OBJC_ARC = YES;
				CLANG_ENABLE_OBJC_WEAK = YES;
				CLANG_WARN_BLOCK_CAPTURE_AUTORELEASING = YES;
				CLANG_WARN_BOOL_CONVERSION = YES;
				CLANG_WARN_COMMA = YES;
				CLANG_WARN_CONSTANT_CONVERSION = YES;
				CLANG_WARN_DEPRECATED_OBJC_IMPLEMENTATIONS = YES;
				CLANG_WARN_DIRECT_OBJC_ISA_USAGE = YES_ERROR;
				CLANG_WARN_DOCUMENTATION_COMMENTS = YES;
				CLANG_WARN_EMPTY_BODY = YES;
				CLANG_WARN_ENUM_CONVERSION = YES;
				CLANG_WARN_INFINITE_RECURSION = YES;
				CLANG_WARN_INT_CONVERSION = YES;
				CLANG_WARN_NON_LITERAL_NULL_CONVERSION = YES;
				CLANG_WARN_OBJC_IMPLICIT_RETAIN_SELF = YES;
				CLANG_WARN_OBJC_LITERAL_CONVERSION = YES;
				CLANG_WARN_OBJC_ROOT_CLASS = YES_ERROR;
				CLANG_WARN_QUOTED_INCLUDE_IN_FRAMEWORK_HEADER = YES;
				CLANG_WARN_RANGE_LOOP_ANALYSIS = YES;
				CLANG_WARN_STRICT_PROTOTYPES = YES;
				CLANG_WARN_SUSPICIOUS_MOVE = YES;
				CLANG_WARN_UNGUARDED_AVAILABILITY = YES_AGGRESSIVE;
				CLANG_WARN_UNREACHABLE_CODE = YES;
				CLANG_WARN__DUPLICATE_METHOD_MATCH = YES;
				COPY_PHASE_STRIP = NO;
				DEBUG_INFORMATION_FORMAT = "dwarf-with-dsym";
				ENABLE_NS_ASSERTIONS = NO;
				ENABLE_STRICT_OBJC_MSGSEND = YES;
				GCC_C_LANGUAGE_STANDARD = gnu11;
				GCC_NO_COMMON_BLOCKS = YES;
				GCC_WARN_64_TO_32_BIT_CONVERSION = YES;
				GCC_WARN_ABOUT_RETURN_TYPE = YES_ERROR;
				GCC_WARN_UNDECLARED_SELECTOR = YES;
				GCC_WARN_UNINITIALIZED_AUTOS = YES_AGGRESSIVE;
				GCC_WARN_UNUSED_FUNCTION = YES;
				GCC_WARN_UNUSED_VARIABLE = YES;
				MACOSX_DEPLOYMENT_TARGET = 13.0;
				MTL_ENABLE_DEBUG_INFO = NO;
				MTL_FAST_MATH = YES;
				SDKROOT = macosx;
			};
			name = Release;
		};
		D333967429C02CAC00582881 /* Debug */ = {
			isa = XCBuildConfiguration;
			buildSettings = {
				CODE_SIGN_STYLE = Automatic;
				PRODUCT_NAME = "$(TARGET_NAME)";
			};
			name = Debug;
		};
		D333967529C02CAC00582881 /* Release */ = {
			isa = XCBuildConfiguration;
			buildSettings = {
				CODE_SIGN_STYLE = Automatic;
				PRODUCT_NAME = "$(TARGET_NAME)";
			};
			name = Release;
		};
/* End XCBuildConfiguration section */

/* Begin XCConfigurationList section */
		D333966729C02CAC00582881 /* Build configuration list for PBXProject "cmpe135Assignment3" */ = {
			isa = XCConfigurationList;
			buildConfigurations = (
				D333967129C02CAC00582881 /* Debug */,
				D333967229C02CAC00582881 /* Release */,
			);
			defaultConfigurationIsVisible = 0;
			defaultConfigurationName = Release;
		};
		D333967329C02CAC00582881 /* Build configuration list for PBXNativeTarget "cmpe135Assignment3" */ = {
			isa = XCConfigurationList;
			buildConfigurations = (
				D333967429C02CAC00582881 /* Debug */,
				D333967529C02CAC00582881 /* Release */,
			);
			defaultConfigurationIsVisible = 0;
			defaultConfigurationName = Release;
		};
/* End XCConfigurationList section */
	};
	rootObject = D333966429C02CAC00582881 /* Project object */;
}
